{
    "_meta": {
        "hash": {
            "sha256": "520acb6f226b33fe86d43420fb4698ae8418cd3b11b79208fcd4b479897bb3e0"
        },
        "pipfile-spec": 6,
        "requires": {
            "python_full_version": "3.12.0",
            "python_version": "3.12"
        },
        "sources": [
            {
                "name": "pypi",
                "url": "https://pypi.org/simple",
                "verify_ssl": true
            }
        ]
    },
    "default": {
        "pyjokes": {
            "hashes": [
                "sha256:12836e61bc7a2c1ff302604a040f0f63ac36c5c947c20319fcb5d1ab37bac46e",
                "sha256:5735d31e973d5b6934b46b89431505733c3110f9b66eac0ff0be86f7f3646423"
            ],
            "index": "pypi",
            "markers": "python_version >= '3.9' and python_version < '4.0'",
            "version": "==0.8.3"
        }
    },
    "develop": {}
}
